
Microsoft Visual Studio Solution File, Format Version 12.00
# Visual Studio Version 16
VisualStudioVersion = 16.0.31205.134
MinimumVisualStudioVersion = 10.0.40219.1
Project("{FAE04EC0-301F-11D3-BF4B-00C04F79EFBC}") = "CSGO match result prediction(курсовая практика)", "CSGO match result prediction(курсовая практика)\CSGO match result prediction(курсовая практика).csproj", "{273AD574-F404-48A5-BE6D-A54FF258AB87}"
EndProject
Global
	GlobalSection(SolutionConfigurationPlatforms) = preSolution
		Debug|Any CPU = Debug|Any CPU
		Release|Any CPU = Release|Any CPU
	EndGlobalSection
	GlobalSection(ProjectConfigurationPlatforms) = postSolution
		{273AD574-F404-48A5-BE6D-A54FF258AB87}.Debug|Any CPU.ActiveCfg = Debug|Any CPU
		{273AD574-F404-48A5-BE6D-A54FF258AB87}.Debug|Any CPU.Build.0 = Debug|Any CPU
		{273AD574-F404-48A5-BE6D-A54FF258AB87}.Release|Any CPU.ActiveCfg = Release|Any CPU
		{273AD574-F404-48A5-BE6D-A54FF258AB87}.Release|Any CPU.Build.0 = Release|Any CPU
	EndGlobalSection
	GlobalSection(SolutionProperties) = preSolution
		HideSolutionNode = FALSE
	EndGlobalSection
	GlobalSection(ExtensibilityGlobals) = postSolution
		SolutionGuid = {76F20562-49D0-4BAB-8BA5-D2C7E68E84AB}
	EndGlobalSection
EndGlobal
